
Microsoft Visual Studio Solution File, Format Version 11.00
# Visual C# Express 2010
Project("{FAE04EC0-301F-11D3-BF4B-00C04F79EFBC}") = "DSotB", "DSotB\DSotB\DSotB.csproj", "{8A5DBD2E-2203-4DCE-913A-26342747C46D}"
EndProject
Project("{96E2B04D-8817-42C6-938A-82C39BA4D311}") = "DSotBContent", "DSotB\DSotBContent\DSotBContent.contentproj", "{3D5F8FF5-410F-4303-BEE8-FCEDB4DBC183}"
EndProject
Global
	GlobalSection(SolutionConfigurationPlatforms) = preSolution
		Debug|x86 = Debug|x86
		Release|x86 = Release|x86
	EndGlobalSection
	GlobalSection(ProjectConfigurationPlatforms) = postSolution
		{8A5DBD2E-2203-4DCE-913A-26342747C46D}.Debug|x86.ActiveCfg = Debug|x86
		{8A5DBD2E-2203-4DCE-913A-26342747C46D}.Debug|x86.Build.0 = Debug|x86
		{8A5DBD2E-2203-4DCE-913A-26342747C46D}.Release|x86.ActiveCfg = Release|x86
		{8A5DBD2E-2203-4DCE-913A-26342747C46D}.Release|x86.Build.0 = Release|x86
		{3D5F8FF5-410F-4303-BEE8-FCEDB4DBC183}.Debug|x86.ActiveCfg = Debug|x86
		{3D5F8FF5-410F-4303-BEE8-FCEDB4DBC183}.Release|x86.ActiveCfg = Release|x86
	EndGlobalSection
	GlobalSection(SolutionProperties) = preSolution
		HideSolutionNode = FALSE
	EndGlobalSection
EndGlobal
